
Microsoft Visual Studio Solution File, Format Version 12.00
# Visual Studio Version 17
VisualStudioVersion = 17.7.34031.279
MinimumVisualStudioVersion = 10.0.40219.1
Project("{FAE04EC0-301F-11D3-BF4B-00C04F79EFBC}") = "Pertemuan13Yanti", "Pertemuan13Yanti\Pertemuan13Yanti.csproj", "{F1FE3937-ADD7-4A6C-AF8F-A00C281427E5}"
EndProject
Global
	GlobalSection(SolutionConfigurationPlatforms) = preSolution
		Debug|Any CPU = Debug|Any CPU
		Release|Any CPU = Release|Any CPU
	EndGlobalSection
	GlobalSection(ProjectConfigurationPlatforms) = postSolution
		{F1FE3937-ADD7-4A6C-AF8F-A00C281427E5}.Debug|Any CPU.ActiveCfg = Debug|Any CPU
		{F1FE3937-ADD7-4A6C-AF8F-A00C281427E5}.Debug|Any CPU.Build.0 = Debug|Any CPU
		{F1FE3937-ADD7-4A6C-AF8F-A00C281427E5}.Release|Any CPU.ActiveCfg = Release|Any CPU
		{F1FE3937-ADD7-4A6C-AF8F-A00C281427E5}.Release|Any CPU.Build.0 = Release|Any CPU
	EndGlobalSection
	GlobalSection(SolutionProperties) = preSolution
		HideSolutionNode = FALSE
	EndGlobalSection
	GlobalSection(ExtensibilityGlobals) = postSolution
		SolutionGuid = {9B21D391-1D07-4FE0-85AC-236CE691C99C}
	EndGlobalSection
EndGlobal
